
Microsoft Visual Studio Solution File, Format Version 12.00
# Visual Studio Version 17
VisualStudioVersion = 17.0.32112.339
MinimumVisualStudioVersion = 10.0.40219.1
Project("{8BC9CEB8-8B4A-11D0-8D11-00A0C91BC942}") = "1.5", "ConsoleApplication1\ConsoleApplication1.vcxproj", "{BCB741A2-828B-4F85-8723-A32C13CFA118}"
EndProject
Project("{8BC9CEB8-8B4A-11D0-8D11-00A0C91BC942}") = "1.6", "1.6\1.6.vcxproj", "{9F45CAD5-3B0D-4984-85CA-45E3F2ECEFAE}"
EndProject
Project("{8BC9CEB8-8B4A-11D0-8D11-00A0C91BC942}") = "1.7", "1.7\1.7.vcxproj", "{7F1D059D-BA9E-447D-B15B-FC6CA7EC6552}"
EndProject
Project("{8BC9CEB8-8B4A-11D0-8D11-00A0C91BC942}") = "1.8", "1.8\1.8.vcxproj", "{6472AE2F-E4F4-4D82-874D-3A6AD87430C7}"
EndProject
Project("{8BC9CEB8-8B4A-11D0-8D11-00A0C91BC942}") = "1.9", "1.9\1.9.vcxproj", "{2462AABF-076E-4C3F-8A5F-A25688EC7608}"
EndProject
Project("{8BC9CEB8-8B4A-11D0-8D11-00A0C91BC942}") = "1.10", "1.10\1.10.vcxproj", "{33D4D3FE-1DB4-4589-A387-D8287C67D195}"
EndProject
Global
	GlobalSection(SolutionConfigurationPlatforms) = preSolution
		Debug|x64 = Debug|x64
		Debug|x86 = Debug|x86
		Release|x64 = Release|x64
		Release|x86 = Release|x86
	EndGlobalSection
	GlobalSection(ProjectConfigurationPlatforms) = postSolution
		{BCB741A2-828B-4F85-8723-A32C13CFA118}.Debug|x64.ActiveCfg = Debug|x64
		{BCB741A2-828B-4F85-8723-A32C13CFA118}.Debug|x64.Build.0 = Debug|x64
		{BCB741A2-828B-4F85-8723-A32C13CFA118}.Debug|x86.ActiveCfg = Debug|Win32
		{BCB741A2-828B-4F85-8723-A32C13CFA118}.Debug|x86.Build.0 = Debug|Win32
		{BCB741A2-828B-4F85-8723-A32C13CFA118}.Release|x64.ActiveCfg = Release|x64
		{BCB741A2-828B-4F85-8723-A32C13CFA118}.Release|x64.Build.0 = Release|x64
		{BCB741A2-828B-4F85-8723-A32C13CFA118}.Release|x86.ActiveCfg = Release|Win32
		{BCB741A2-828B-4F85-8723-A32C13CFA118}.Release|x86.Build.0 = Release|Win32
		{9F45CAD5-3B0D-4984-85CA-45E3F2ECEFAE}.Debug|x64.ActiveCfg = Debug|x64
		{9F45CAD5-3B0D-4984-85CA-45E3F2ECEFAE}.Debug|x64.Build.0 = Debug|x64
		{9F45CAD5-3B0D-4984-85CA-45E3F2ECEFAE}.Debug|x86.ActiveCfg = Debug|Win32
		{9F45CAD5-3B0D-4984-85CA-45E3F2ECEFAE}.Debug|x86.Build.0 = Debug|Win32
		{9F45CAD5-3B0D-4984-85CA-45E3F2ECEFAE}.Release|x64.ActiveCfg = Release|x64
		{9F45CAD5-3B0D-4984-85CA-45E3F2ECEFAE}.Release|x64.Build.0 = Release|x64
		{9F45CAD5-3B0D-4984-85CA-45E3F2ECEFAE}.Release|x86.ActiveCfg = Release|Win32
		{9F45CAD5-3B0D-4984-85CA-45E3F2ECEFAE}.Release|x86.Build.0 = Release|Win32
		{7F1D059D-BA9E-447D-B15B-FC6CA7EC6552}.Debug|x64.ActiveCfg = Debug|x64
		{7F1D059D-BA9E-447D-B15B-FC6CA7EC6552}.Debug|x64.Build.0 = Debug|x64
		{7F1D059D-BA9E-447D-B15B-FC6CA7EC6552}.Debug|x86.ActiveCfg = Debug|Win32
		{7F1D059D-BA9E-447D-B15B-FC6CA7EC6552}.Debug|x86.Build.0 = Debug|Win32
		{7F1D059D-BA9E-447D-B15B-FC6CA7EC6552}.Release|x64.ActiveCfg = Release|x64
		{7F1D059D-BA9E-447D-B15B-FC6CA7EC6552}.Release|x64.Build.0 = Release|x64
		{7F1D059D-BA9E-447D-B15B-FC6CA7EC6552}.Release|x86.ActiveCfg = Release|Win32
		{7F1D059D-BA9E-447D-B15B-FC6CA7EC6552}.Release|x86.Build.0 = Release|Win32
		{6472AE2F-E4F4-4D82-874D-3A6AD87430C7}.Debug|x64.ActiveCfg = Debug|x64
		{6472AE2F-E4F4-4D82-874D-3A6AD87430C7}.Debug|x64.Build.0 = Debug|x64
		{6472AE2F-E4F4-4D82-874D-3A6AD87430C7}.Debug|x86.ActiveCfg = Debug|Win32
		{6472AE2F-E4F4-4D82-874D-3A6AD87430C7}.Debug|x86.Build.0 = Debug|Win32
		{6472AE2F-E4F4-4D82-874D-3A6AD87430C7}.Release|x64.ActiveCfg = Release|x64
		{6472AE2F-E4F4-4D82-874D-3A6AD87430C7}.Release|x64.Build.0 = Release|x64
		{6472AE2F-E4F4-4D82-874D-3A6AD87430C7}.Release|x86.ActiveCfg = Release|Win32
		{6472AE2F-E4F4-4D82-874D-3A6AD87430C7}.Release|x86.Build.0 = Release|Win32
		{2462AABF-076E-4C3F-8A5F-A25688EC7608}.Debug|x64.ActiveCfg = Debug|x64
		{2462AABF-076E-4C3F-8A5F-A25688EC7608}.Debug|x64.Build.0 = Debug|x64
		{2462AABF-076E-4C3F-8A5F-A25688EC7608}.Debug|x86.ActiveCfg = Debug|Win32
		{2462AABF-076E-4C3F-8A5F-A25688EC7608}.Debug|x86.Build.0 = Debug|Win32
		{2462AABF-076E-4C3F-8A5F-A25688EC7608}.Release|x64.ActiveCfg = Release|x64
		{2462AABF-076E-4C3F-8A5F-A25688EC7608}.Release|x64.Build.0 = Release|x64
		{2462AABF-076E-4C3F-8A5F-A25688EC7608}.Release|x86.ActiveCfg = Release|Win32
		{2462AABF-076E-4C3F-8A5F-A25688EC7608}.Release|x86.Build.0 = Release|Win32
		{33D4D3FE-1DB4-4589-A387-D8287C67D195}.Debug|x64.ActiveCfg = Debug|x64
		{33D4D3FE-1DB4-4589-A387-D8287C67D195}.Debug|x64.Build.0 = Debug|x64
		{33D4D3FE-1DB4-4589-A387-D8287C67D195}.Debug|x86.ActiveCfg = Debug|Win32
		{33D4D3FE-1DB4-4589-A387-D8287C67D195}.Debug|x86.Build.0 = Debug|Win32
		{33D4D3FE-1DB4-4589-A387-D8287C67D195}.Release|x64.ActiveCfg = Release|x64
		{33D4D3FE-1DB4-4589-A387-D8287C67D195}.Release|x64.Build.0 = Release|x64
		{33D4D3FE-1DB4-4589-A387-D8287C67D195}.Release|x86.ActiveCfg = Release|Win32
		{33D4D3FE-1DB4-4589-A387-D8287C67D195}.Release|x86.Build.0 = Release|Win32
	EndGlobalSection
	GlobalSection(SolutionProperties) = preSolution
		HideSolutionNode = FALSE
	EndGlobalSection
	GlobalSection(ExtensibilityGlobals) = postSolution
		SolutionGuid = {0401E88B-CCBC-4BEE-B797-DD5F2653F4A1}
	EndGlobalSection
EndGlobal
